// !$*UTF8*$!
{
	archiveVersion = 1;
	classes = {
	};
	objectVersion = 52;
	objects = {

/* Begin PBXBuildFile section */
		CE0736A5269649DB00490383 /* MalinkiMap.swift in Sources */ = {isa = PBXBuildFile; fileRef = CE0736A4269649DB00490383 /* MalinkiMap.swift */; };
		CE085B2F26D41878005D7453 /* MalinkiWMSOverlay.swift in Sources */ = {isa = PBXBuildFile; fileRef = CE085B2E26D41878005D7453 /* MalinkiWMSOverlay.swift */; };
		CE085B3226D41E17005D7453 /* MalinkiRasterData.swift in Sources */ = {isa = PBXBuildFile; fileRef = CE085B3126D41E17005D7453 /* MalinkiRasterData.swift */; };
		CE09C10E26BC5ECE0077177F /* MalinkiBasemapButton.swift in Sources */ = {isa = PBXBuildFile; fileRef = CE09C10D26BC5ECE0077177F /* MalinkiBasemapButton.swift */; };
		CE0FC2182739718500846042 /* SheeKit in Frameworks */ = {isa = PBXBuildFile; productRef = CE0FC2172739718500846042 /* SheeKit */; };
		CE10D500272AB3590025084A /* MalinkiLayerContainer.swift in Sources */ = {isa = PBXBuildFile; fileRef = CE10D4FF272AB3590025084A /* MalinkiLayerContainer.swift */; };
		CE2299D2268D00B4002B16EA /* MalinkiMapView.swift in Sources */ = {isa = PBXBuildFile; fileRef = CE2299D1268D00B4002B16EA /* MalinkiMapView.swift */; };
		CE2A348326977693009E4148 /* MalinkiBasemaps.swift in Sources */ = {isa = PBXBuildFile; fileRef = CE2A348226977693009E4148 /* MalinkiBasemaps.swift */; };
		CE2D6EEA2731E333001F5E67 /* MalinkiSheet.swift in Sources */ = {isa = PBXBuildFile; fileRef = CE2D6EE92731E333001F5E67 /* MalinkiSheet.swift */; };
		CE44B0AD26C985FC00298DC3 /* MalinkiConfigurationProvider.swift in Sources */ = {isa = PBXBuildFile; fileRef = CE44B0AC26C985FC00298DC3 /* MalinkiConfigurationProvider.swift */; };
		CE44B0AF26C9867700298DC3 /* MalinkiConfigurationObjects.swift in Sources */ = {isa = PBXBuildFile; fileRef = CE44B0AE26C9867700298DC3 /* MalinkiConfigurationObjects.swift */; };
		CE47C2E02721EF9D00034C38 /* MalinkiMapContentButton.swift in Sources */ = {isa = PBXBuildFile; fileRef = CE47C2DF2721EF9D00034C38 /* MalinkiMapContentButton.swift */; };
		CE4845CA273972AE00E3AC72 /* SheeKit in Embed Frameworks */ = {isa = PBXBuildFile; productRef = CE0FC2172739718500846042 /* SheeKit */; settings = {ATTRIBUTES = (CodeSignOnCopy, ); }; };
		CE5B566A26C458B6008EA9BE /* MalinkiMapThemes.swift in Sources */ = {isa = PBXBuildFile; fileRef = CE5B566926C458B6008EA9BE /* MalinkiMapThemes.swift */; };
		CE8695D626FBAA8100A0A916 /* MalinkiWMTSOverlay.swift in Sources */ = {isa = PBXBuildFile; fileRef = CE8695D526FBAA8100A0A916 /* MalinkiWMTSOverlay.swift */; };
		CEB0B3F026C1A44500D15866 /* MalinkiMapContent.swift in Sources */ = {isa = PBXBuildFile; fileRef = CEB0B3EF26C1A44500D15866 /* MalinkiMapContent.swift */; };
		CEB0B3F226C1A50600D15866 /* MalinkiLayer.swift in Sources */ = {isa = PBXBuildFile; fileRef = CEB0B3F126C1A50600D15866 /* MalinkiLayer.swift */; };
		CEB2A15D26AF40C9002F2D52 /* MalinkiSearchBar.swift in Sources */ = {isa = PBXBuildFile; fileRef = CEB2A15C26AF40C9002F2D52 /* MalinkiSearchBar.swift */; };
		CEC9FB4D268A4445005882E7 /* MalinkiApp.swift in Sources */ = {isa = PBXBuildFile; fileRef = CEC9FB4C268A4445005882E7 /* MalinkiApp.swift */; };
		CEC9FB4F268A4445005882E7 /* ContentView.swift in Sources */ = {isa = PBXBuildFile; fileRef = CEC9FB4E268A4445005882E7 /* ContentView.swift */; };
		CEC9FB51268A4447005882E7 /* Assets.xcassets in Resources */ = {isa = PBXBuildFile; fileRef = CEC9FB50268A4447005882E7 /* Assets.xcassets */; };
		CEC9FB54268A4447005882E7 /* Preview Assets.xcassets in Resources */ = {isa = PBXBuildFile; fileRef = CEC9FB53268A4447005882E7 /* Preview Assets.xcassets */; };
		CECCE5C3269CC8FA00BA8B30 /* MalinkiSearchView.swift in Sources */ = {isa = PBXBuildFile; fileRef = CECCE5C2269CC8FA00BA8B30 /* MalinkiSearchView.swift */; };
		CECCE5C5269CC90C00BA8B30 /* MalinkiObjectDetailsView.swift in Sources */ = {isa = PBXBuildFile; fileRef = CECCE5C4269CC90C00BA8B30 /* MalinkiObjectDetailsView.swift */; };
		CEE9EA7126CC49C00025AF80 /* Configuration.json in Resources */ = {isa = PBXBuildFile; fileRef = CE582B9D26B1E2C100BAA289 /* Configuration.json */; };
		CEF570E626E69D8F0038B00D /* MalinkiTileOverlay.swift in Sources */ = {isa = PBXBuildFile; fileRef = CEF570E526E69D8F0038B00D /* MalinkiTileOverlay.swift */; };
/* End PBXBuildFile section */

/* Begin PBXCopyFilesBuildPhase section */
		CE4845CB273972AE00E3AC72 /* Embed Frameworks */ = {
			isa = PBXCopyFilesBuildPhase;
			buildActionMask = 2147483647;
			dstPath = "";
			dstSubfolderSpec = 10;
			files = (
				CE4845CA273972AE00E3AC72 /* SheeKit in Embed Frameworks */,
			);
			name = "Embed Frameworks";
			runOnlyForDeploymentPostprocessing = 0;
		};
/* End PBXCopyFilesBuildPhase section */

/* Begin PBXFileReference section */
		CE0736A4269649DB00490383 /* MalinkiMap.swift */ = {isa = PBXFileReference; lastKnownFileType = sourcecode.swift; path = MalinkiMap.swift; sourceTree = "<group>"; };
		CE085B2E26D41878005D7453 /* MalinkiWMSOverlay.swift */ = {isa = PBXFileReference; lastKnownFileType = sourcecode.swift; path = MalinkiWMSOverlay.swift; sourceTree = "<group>"; };
		CE085B3126D41E17005D7453 /* MalinkiRasterData.swift */ = {isa = PBXFileReference; lastKnownFileType = sourcecode.swift; path = MalinkiRasterData.swift; sourceTree = "<group>"; };
		CE09C10D26BC5ECE0077177F /* MalinkiBasemapButton.swift */ = {isa = PBXFileReference; lastKnownFileType = sourcecode.swift; path = MalinkiBasemapButton.swift; sourceTree = "<group>"; };
		CE10D4FF272AB3590025084A /* MalinkiLayerContainer.swift */ = {isa = PBXFileReference; lastKnownFileType = sourcecode.swift; path = MalinkiLayerContainer.swift; sourceTree = "<group>"; };
		CE2299D1268D00B4002B16EA /* MalinkiMapView.swift */ = {isa = PBXFileReference; lastKnownFileType = sourcecode.swift; path = MalinkiMapView.swift; sourceTree = "<group>"; };
		CE2A348226977693009E4148 /* MalinkiBasemaps.swift */ = {isa = PBXFileReference; lastKnownFileType = sourcecode.swift; path = MalinkiBasemaps.swift; sourceTree = "<group>"; };
		CE2D6EE92731E333001F5E67 /* MalinkiSheet.swift */ = {isa = PBXFileReference; lastKnownFileType = sourcecode.swift; path = MalinkiSheet.swift; sourceTree = "<group>"; };
		CE44B0AC26C985FC00298DC3 /* MalinkiConfigurationProvider.swift */ = {isa = PBXFileReference; lastKnownFileType = sourcecode.swift; path = MalinkiConfigurationProvider.swift; sourceTree = "<group>"; };
		CE44B0AE26C9867700298DC3 /* MalinkiConfigurationObjects.swift */ = {isa = PBXFileReference; lastKnownFileType = sourcecode.swift; path = MalinkiConfigurationObjects.swift; sourceTree = "<group>"; };
		CE47C2DF2721EF9D00034C38 /* MalinkiMapContentButton.swift */ = {isa = PBXFileReference; lastKnownFileType = sourcecode.swift; path = MalinkiMapContentButton.swift; sourceTree = "<group>"; };
		CE582B9D26B1E2C100BAA289 /* Configuration.json */ = {isa = PBXFileReference; lastKnownFileType = text.json; path = Configuration.json; sourceTree = "<group>"; };
		CE5B566926C458B6008EA9BE /* MalinkiMapThemes.swift */ = {isa = PBXFileReference; lastKnownFileType = sourcecode.swift; path = MalinkiMapThemes.swift; sourceTree = "<group>"; };
		CE8695D526FBAA8100A0A916 /* MalinkiWMTSOverlay.swift */ = {isa = PBXFileReference; lastKnownFileType = sourcecode.swift; path = MalinkiWMTSOverlay.swift; sourceTree = "<group>"; };
		CEB0B3EF26C1A44500D15866 /* MalinkiMapContent.swift */ = {isa = PBXFileReference; lastKnownFileType = sourcecode.swift; path = MalinkiMapContent.swift; sourceTree = "<group>"; };
		CEB0B3F126C1A50600D15866 /* MalinkiLayer.swift */ = {isa = PBXFileReference; lastKnownFileType = sourcecode.swift; path = MalinkiLayer.swift; sourceTree = "<group>"; };
		CEB2A15C26AF40C9002F2D52 /* MalinkiSearchBar.swift */ = {isa = PBXFileReference; lastKnownFileType = sourcecode.swift; path = MalinkiSearchBar.swift; sourceTree = "<group>"; };
		CEC9FB49268A4445005882E7 /* Malinki.app */ = {isa = PBXFileReference; explicitFileType = wrapper.application; includeInIndex = 0; path = Malinki.app; sourceTree = BUILT_PRODUCTS_DIR; };
		CEC9FB4C268A4445005882E7 /* MalinkiApp.swift */ = {isa = PBXFileReference; lastKnownFileType = sourcecode.swift; path = MalinkiApp.swift; sourceTree = "<group>"; };
		CEC9FB4E268A4445005882E7 /* ContentView.swift */ = {isa = PBXFileReference; lastKnownFileType = sourcecode.swift; path = ContentView.swift; sourceTree = "<group>"; };
		CEC9FB50268A4447005882E7 /* Assets.xcassets */ = {isa = PBXFileReference; lastKnownFileType = folder.assetcatalog; path = Assets.xcassets; sourceTree = "<group>"; };
		CEC9FB53268A4447005882E7 /* Preview Assets.xcassets */ = {isa = PBXFileReference; lastKnownFileType = folder.assetcatalog; path = "Preview Assets.xcassets"; sourceTree = "<group>"; };
		CEC9FB55268A4447005882E7 /* Info.plist */ = {isa = PBXFileReference; lastKnownFileType = text.plist.xml; path = Info.plist; sourceTree = "<group>"; };
		CECCE5C2269CC8FA00BA8B30 /* MalinkiSearchView.swift */ = {isa = PBXFileReference; lastKnownFileType = sourcecode.swift; path = MalinkiSearchView.swift; sourceTree = "<group>"; };
		CECCE5C4269CC90C00BA8B30 /* MalinkiObjectDetailsView.swift */ = {isa = PBXFileReference; lastKnownFileType = sourcecode.swift; path = MalinkiObjectDetailsView.swift; sourceTree = "<group>"; };
		CEF570E526E69D8F0038B00D /* MalinkiTileOverlay.swift */ = {isa = PBXFileReference; lastKnownFileType = sourcecode.swift; path = MalinkiTileOverlay.swift; sourceTree = "<group>"; };
/* End PBXFileReference section */

/* Begin PBXFrameworksBuildPhase section */
		CEC9FB46268A4445005882E7 /* Frameworks */ = {
			isa = PBXFrameworksBuildPhase;
			buildActionMask = 2147483647;
			files = (
				CE0FC2182739718500846042 /* SheeKit in Frameworks */,
			);
			runOnlyForDeploymentPostprocessing = 0;
		};
/* End PBXFrameworksBuildPhase section */

/* Begin PBXGroup section */
		CE00616627387F7500155A9A /* Packages */ = {
			isa = PBXGroup;
			children = (
			);
			name = Packages;
			sourceTree = "<group>";
		};
		CE085B3026D41B4B005D7453 /* RasterData */ = {
			isa = PBXGroup;
			children = (
				CE085B3126D41E17005D7453 /* MalinkiRasterData.swift */,
				CEF570E526E69D8F0038B00D /* MalinkiTileOverlay.swift */,
				CE085B2E26D41878005D7453 /* MalinkiWMSOverlay.swift */,
				CE8695D526FBAA8100A0A916 /* MalinkiWMTSOverlay.swift */,
			);
			path = RasterData;
			sourceTree = "<group>";
		};
		CE10D4FE272AB3270025084A /* LayerData */ = {
			isa = PBXGroup;
			children = (
				CE10D4FF272AB3590025084A /* MalinkiLayerContainer.swift */,
				CEB0B3F126C1A50600D15866 /* MalinkiLayer.swift */,
			);
			path = LayerData;
			sourceTree = "<group>";
		};
		CE2299D0268D0026002B16EA /* User Interface */ = {
			isa = PBXGroup;
			children = (
				CE5A7B7526B1D62C00D423E9 /* MapControl */,
				CE5A7B7726B1D67D00D423E9 /* MapObjects */,
				CE5A7B7426B1D62100D423E9 /* MapView */,
				CE5A7B7626B1D65E00D423E9 /* Search */,
				CE0736A4269649DB00490383 /* MalinkiMap.swift */,
				CE2D6EE92731E333001F5E67 /* MalinkiSheet.swift */,
			);
			path = "User Interface";
			sourceTree = "<group>";
		};
		CE582B9E26B1E31A00BAA289 /* Configuration */ = {
			isa = PBXGroup;
			children = (
				CE44B0AC26C985FC00298DC3 /* MalinkiConfigurationProvider.swift */,
				CE44B0AE26C9867700298DC3 /* MalinkiConfigurationObjects.swift */,
			);
			path = Configuration;
			sourceTree = "<group>";
		};
		CE5A7B7426B1D62100D423E9 /* MapView */ = {
			isa = PBXGroup;
			children = (
				CE2299D1268D00B4002B16EA /* MalinkiMapView.swift */,
			);
			path = MapView;
			sourceTree = "<group>";
		};
		CE5A7B7526B1D62C00D423E9 /* MapControl */ = {
			isa = PBXGroup;
			children = (
				CE5B566926C458B6008EA9BE /* MalinkiMapThemes.swift */,
				CE09C10D26BC5ECE0077177F /* MalinkiBasemapButton.swift */,
				CE2A348226977693009E4148 /* MalinkiBasemaps.swift */,
				CEB0B3EF26C1A44500D15866 /* MalinkiMapContent.swift */,
				CE47C2DF2721EF9D00034C38 /* MalinkiMapContentButton.swift */,
			);
			path = MapControl;
			sourceTree = "<group>";
		};
		CE5A7B7626B1D65E00D423E9 /* Search */ = {
			isa = PBXGroup;
			children = (
				CEB2A15C26AF40C9002F2D52 /* MalinkiSearchBar.swift */,
				CECCE5C2269CC8FA00BA8B30 /* MalinkiSearchView.swift */,
			);
			path = Search;
			sourceTree = "<group>";
		};
		CE5A7B7726B1D67D00D423E9 /* MapObjects */ = {
			isa = PBXGroup;
			children = (
				CECCE5C4269CC90C00BA8B30 /* MalinkiObjectDetailsView.swift */,
			);
			path = MapObjects;
			sourceTree = "<group>";
		};
		CE63ECFA26C6FF67005BD152 /* Data Interface */ = {
			isa = PBXGroup;
			children = (
				CE10D4FE272AB3270025084A /* LayerData */,
				CE085B3026D41B4B005D7453 /* RasterData */,
			);
			path = "Data Interface";
			sourceTree = "<group>";
		};
		CEC9FB40268A4445005882E7 = {
			isa = PBXGroup;
			children = (
				CE00616627387F7500155A9A /* Packages */,
				CEC9FB4B268A4445005882E7 /* Malinki */,
				CEC9FB4A268A4445005882E7 /* Products */,
			);
			sourceTree = "<group>";
		};
		CEC9FB4A268A4445005882E7 /* Products */ = {
			isa = PBXGroup;
			children = (
				CEC9FB49268A4445005882E7 /* Malinki.app */,
			);
			name = Products;
			sourceTree = "<group>";
		};
		CEC9FB4B268A4445005882E7 /* Malinki */ = {
			isa = PBXGroup;
			children = (
				CE582B9E26B1E31A00BAA289 /* Configuration */,
				CE63ECFA26C6FF67005BD152 /* Data Interface */,
				CE2299D0268D0026002B16EA /* User Interface */,
				CEC9FB4C268A4445005882E7 /* MalinkiApp.swift */,
				CEC9FB4E268A4445005882E7 /* ContentView.swift */,
				CE582B9D26B1E2C100BAA289 /* Configuration.json */,
				CEC9FB50268A4447005882E7 /* Assets.xcassets */,
				CEC9FB55268A4447005882E7 /* Info.plist */,
				CEC9FB52268A4447005882E7 /* Preview Content */,
			);
			path = Malinki;
			sourceTree = "<group>";
		};
		CEC9FB52268A4447005882E7 /* Preview Content */ = {
			isa = PBXGroup;
			children = (
				CEC9FB53268A4447005882E7 /* Preview Assets.xcassets */,
			);
			path = "Preview Content";
			sourceTree = "<group>";
		};
/* End PBXGroup section */

/* Begin PBXNativeTarget section */
		CEC9FB48268A4445005882E7 /* Malinki */ = {
			isa = PBXNativeTarget;
			buildConfigurationList = CEC9FB58268A4447005882E7 /* Build configuration list for PBXNativeTarget "Malinki" */;
			buildPhases = (
				CEC9FB45268A4445005882E7 /* Sources */,
				CEC9FB46268A4445005882E7 /* Frameworks */,
				CEC9FB47268A4445005882E7 /* Resources */,
				CE4845CB273972AE00E3AC72 /* Embed Frameworks */,
			);
			buildRules = (
			);
			dependencies = (
			);
			name = Malinki;
			packageProductDependencies = (
				CE0FC2172739718500846042 /* SheeKit */,
			);
			productName = Malinki;
			productReference = CEC9FB49268A4445005882E7 /* Malinki.app */;
			productType = "com.apple.product-type.application";
		};
/* End PBXNativeTarget section */

/* Begin PBXProject section */
		CEC9FB41268A4445005882E7 /* Project object */ = {
			isa = PBXProject;
			attributes = {
				LastSwiftUpdateCheck = 1250;
				LastUpgradeCheck = 1250;
				TargetAttributes = {
					CEC9FB48268A4445005882E7 = {
						CreatedOnToolsVersion = 12.5;
					};
				};
			};
			buildConfigurationList = CEC9FB44268A4445005882E7 /* Build configuration list for PBXProject "Malinki" */;
			compatibilityVersion = "Xcode 9.3";
			developmentRegion = en;
			hasScannedForEncodings = 0;
			knownRegions = (
				en,
				Base,
				fr,
				de,
				pl,
				sv,
			);
			mainGroup = CEC9FB40268A4445005882E7;
			packageReferences = (
				CE0FC2162739718500846042 /* XCRemoteSwiftPackageReference "SheeKit" */,
			);
			productRefGroup = CEC9FB4A268A4445005882E7 /* Products */;
			projectDirPath = "";
			projectRoot = "";
			targets = (
				CEC9FB48268A4445005882E7 /* Malinki */,
			);
		};
/* End PBXProject section */

/* Begin PBXResourcesBuildPhase section */
		CEC9FB47268A4445005882E7 /* Resources */ = {
			isa = PBXResourcesBuildPhase;
			buildActionMask = 2147483647;
			files = (
				CEC9FB54268A4447005882E7 /* Preview Assets.xcassets in Resources */,
				CEE9EA7126CC49C00025AF80 /* Configuration.json in Resources */,
				CEC9FB51268A4447005882E7 /* Assets.xcassets in Resources */,
			);
			runOnlyForDeploymentPostprocessing = 0;
		};
/* End PBXResourcesBuildPhase section */

/* Begin PBXSourcesBuildPhase section */
		CEC9FB45268A4445005882E7 /* Sources */ = {
			isa = PBXSourcesBuildPhase;
			buildActionMask = 2147483647;
			files = (
				CECCE5C3269CC8FA00BA8B30 /* MalinkiSearchView.swift in Sources */,
				CE2299D2268D00B4002B16EA /* MalinkiMapView.swift in Sources */,
				CEB0B3F026C1A44500D15866 /* MalinkiMapContent.swift in Sources */,
				CE2A348326977693009E4148 /* MalinkiBasemaps.swift in Sources */,
				CE2D6EEA2731E333001F5E67 /* MalinkiSheet.swift in Sources */,
				CE5B566A26C458B6008EA9BE /* MalinkiMapThemes.swift in Sources */,
				CEB0B3F226C1A50600D15866 /* MalinkiLayer.swift in Sources */,
				CEF570E626E69D8F0038B00D /* MalinkiTileOverlay.swift in Sources */,
				CEC9FB4F268A4445005882E7 /* ContentView.swift in Sources */,
				CE10D500272AB3590025084A /* MalinkiLayerContainer.swift in Sources */,
				CE0736A5269649DB00490383 /* MalinkiMap.swift in Sources */,
				CEB2A15D26AF40C9002F2D52 /* MalinkiSearchBar.swift in Sources */,
				CE47C2E02721EF9D00034C38 /* MalinkiMapContentButton.swift in Sources */,
				CE085B2F26D41878005D7453 /* MalinkiWMSOverlay.swift in Sources */,
				CEC9FB4D268A4445005882E7 /* MalinkiApp.swift in Sources */,
				CE085B3226D41E17005D7453 /* MalinkiRasterData.swift in Sources */,
				CECCE5C5269CC90C00BA8B30 /* MalinkiObjectDetailsView.swift in Sources */,
				CE44B0AF26C9867700298DC3 /* MalinkiConfigurationObjects.swift in Sources */,
				CE8695D626FBAA8100A0A916 /* MalinkiWMTSOverlay.swift in Sources */,
				CE44B0AD26C985FC00298DC3 /* MalinkiConfigurationProvider.swift in Sources */,
				CE09C10E26BC5ECE0077177F /* MalinkiBasemapButton.swift in Sources */,
			);
			runOnlyForDeploymentPostprocessing = 0;
		};
/* End PBXSourcesBuildPhase section */

/* Begin XCBuildConfiguration section */
		CEC9FB56268A4447005882E7 /* Debug */ = {
			isa = XCBuildConfiguration;
			buildSettings = {
				ALWAYS_SEARCH_USER_PATHS = NO;
				CLANG_ANALYZER_NONNULL = YES;
				CLANG_ANALYZER_NUMBER_OBJECT_CONVERSION = YES_AGGRESSIVE;
				CLANG_CXX_LANGUAGE_STANDARD = "gnu++14";
				CLANG_CXX_LIBRARY = "libc++";
				CLANG_ENABLE_MODULES = YES;
				CLANG_ENABLE_OBJC_ARC = YES;
				CLANG_ENABLE_OBJC_WEAK = YES;
				CLANG_WARN_BLOCK_CAPTURE_AUTORELEASING = YES;
				CLANG_WARN_BOOL_CONVERSION = YES;
				CLANG_WARN_COMMA = YES;
				CLANG_WARN_CONSTANT_CONVERSION = YES;
				CLANG_WARN_DEPRECATED_OBJC_IMPLEMENTATIONS = YES;
				CLANG_WARN_DIRECT_OBJC_ISA_USAGE = YES_ERROR;
				CLANG_WARN_DOCUMENTATION_COMMENTS = YES;
				CLANG_WARN_EMPTY_BODY = YES;
				CLANG_WARN_ENUM_CONVERSION = YES;
				CLANG_WARN_INFINITE_RECURSION = YES;
				CLANG_WARN_INT_CONVERSION = YES;
				CLANG_WARN_NON_LITERAL_NULL_CONVERSION = YES;
				CLANG_WARN_OBJC_IMPLICIT_RETAIN_SELF = YES;
				CLANG_WARN_OBJC_LITERAL_CONVERSION = YES;
				CLANG_WARN_OBJC_ROOT_CLASS = YES_ERROR;
				CLANG_WARN_QUOTED_INCLUDE_IN_FRAMEWORK_HEADER = YES;
				CLANG_WARN_RANGE_LOOP_ANALYSIS = YES;
				CLANG_WARN_STRICT_PROTOTYPES = YES;
				CLANG_WARN_SUSPICIOUS_MOVE = YES;
				CLANG_WARN_UNGUARDED_AVAILABILITY = YES_AGGRESSIVE;
				CLANG_WARN_UNREACHABLE_CODE = YES;
				CLANG_WARN__DUPLICATE_METHOD_MATCH = YES;
				COPY_PHASE_STRIP = NO;
				DEBUG_INFORMATION_FORMAT = dwarf;
				ENABLE_STRICT_OBJC_MSGSEND = YES;
				ENABLE_TESTABILITY = YES;
				GCC_C_LANGUAGE_STANDARD = gnu11;
				GCC_DYNAMIC_NO_PIC = NO;
				GCC_NO_COMMON_BLOCKS = YES;
				GCC_OPTIMIZATION_LEVEL = 0;
				GCC_PREPROCESSOR_DEFINITIONS = (
					"DEBUG=1",
					"$(inherited)",
				);
				GCC_WARN_64_TO_32_BIT_CONVERSION = YES;
				GCC_WARN_ABOUT_RETURN_TYPE = YES_ERROR;
				GCC_WARN_UNDECLARED_SELECTOR = YES;
				GCC_WARN_UNINITIALIZED_AUTOS = YES_AGGRESSIVE;
				GCC_WARN_UNUSED_FUNCTION = YES;
				GCC_WARN_UNUSED_VARIABLE = YES;
				IPHONEOS_DEPLOYMENT_TARGET = 15.0;
				MTL_ENABLE_DEBUG_INFO = INCLUDE_SOURCE;
				MTL_FAST_MATH = YES;
				ONLY_ACTIVE_ARCH = YES;
				SDKROOT = iphoneos;
				SWIFT_ACTIVE_COMPILATION_CONDITIONS = DEBUG;
				SWIFT_OPTIMIZATION_LEVEL = "-Onone";
			};
			name = Debug;
		};
		CEC9FB57268A4447005882E7 /* Release */ = {
			isa = XCBuildConfiguration;
			buildSettings = {
				ALWAYS_SEARCH_USER_PATHS = NO;
				CLANG_ANALYZER_NONNULL = YES;
				CLANG_ANALYZER_NUMBER_OBJECT_CONVERSION = YES_AGGRESSIVE;
				CLANG_CXX_LANGUAGE_STANDARD = "gnu++14";
				CLANG_CXX_LIBRARY = "libc++";
				CLANG_ENABLE_MODULES = YES;
				CLANG_ENABLE_OBJC_ARC = YES;
				CLANG_ENABLE_OBJC_WEAK = YES;
				CLANG_WARN_BLOCK_CAPTURE_AUTORELEASING = YES;
				CLANG_WARN_BOOL_CONVERSION = YES;
				CLANG_WARN_COMMA = YES;
				CLANG_WARN_CONSTANT_CONVERSION = YES;
				CLANG_WARN_DEPRECATED_OBJC_IMPLEMENTATIONS = YES;
				CLANG_WARN_DIRECT_OBJC_ISA_USAGE = YES_ERROR;
				CLANG_WARN_DOCUMENTATION_COMMENTS = YES;
				CLANG_WARN_EMPTY_BODY = YES;
				CLANG_WARN_ENUM_CONVERSION = YES;
				CLANG_WARN_INFINITE_RECURSION = YES;
				CLANG_WARN_INT_CONVERSION = YES;
				CLANG_WARN_NON_LITERAL_NULL_CONVERSION = YES;
				CLANG_WARN_OBJC_IMPLICIT_RETAIN_SELF = YES;
				CLANG_WARN_OBJC_LITERAL_CONVERSION = YES;
				CLANG_WARN_OBJC_ROOT_CLASS = YES_ERROR;
				CLANG_WARN_QUOTED_INCLUDE_IN_FRAMEWORK_HEADER = YES;
				CLANG_WARN_RANGE_LOOP_ANALYSIS = YES;
				CLANG_WARN_STRICT_PROTOTYPES = YES;
				CLANG_WARN_SUSPICIOUS_MOVE = YES;
				CLANG_WARN_UNGUARDED_AVAILABILITY = YES_AGGRESSIVE;
				CLANG_WARN_UNREACHABLE_CODE = YES;
				CLANG_WARN__DUPLICATE_METHOD_MATCH = YES;
				COPY_PHASE_STRIP = NO;
				DEBUG_INFORMATION_FORMAT = "dwarf-with-dsym";
				ENABLE_NS_ASSERTIONS = NO;
				ENABLE_STRICT_OBJC_MSGSEND = YES;
				GCC_C_LANGUAGE_STANDARD = gnu11;
				GCC_NO_COMMON_BLOCKS = YES;
				GCC_WARN_64_TO_32_BIT_CONVERSION = YES;
				GCC_WARN_ABOUT_RETURN_TYPE = YES_ERROR;
				GCC_WARN_UNDECLARED_SELECTOR = YES;
				GCC_WARN_UNINITIALIZED_AUTOS = YES_AGGRESSIVE;
				GCC_WARN_UNUSED_FUNCTION = YES;
				GCC_WARN_UNUSED_VARIABLE = YES;
				IPHONEOS_DEPLOYMENT_TARGET = 15.0;
				MTL_ENABLE_DEBUG_INFO = NO;
				MTL_FAST_MATH = YES;
				SDKROOT = iphoneos;
				SWIFT_COMPILATION_MODE = wholemodule;
				SWIFT_OPTIMIZATION_LEVEL = "-O";
				VALIDATE_PRODUCT = YES;
			};
			name = Release;
		};
		CEC9FB59268A4447005882E7 /* Debug */ = {
			isa = XCBuildConfiguration;
			buildSettings = {
				ASSETCATALOG_COMPILER_APPICON_NAME = AppIcon;
				ASSETCATALOG_COMPILER_GLOBAL_ACCENT_COLOR_NAME = AccentColor;
				CODE_SIGN_STYLE = Automatic;
				DEVELOPMENT_ASSET_PATHS = "\"Malinki/Preview Content\"";
				DEVELOPMENT_TEAM = PM6R3BPDX5;
				ENABLE_PREVIEWS = YES;
				INFOPLIST_FILE = Malinki/Info.plist;
				IPHONEOS_DEPLOYMENT_TARGET = 14.0;
				LD_RUNPATH_SEARCH_PATHS = (
					"$(inherited)",
					"@executable_path/Frameworks",
				);
				PRODUCT_BUNDLE_IDENTIFIER = jagodki.Malinki;
				PRODUCT_NAME = "$(TARGET_NAME)";
				SWIFT_VERSION = 5.0;
				TARGETED_DEVICE_FAMILY = "1,2";
			};
			name = Debug;
		};
		CEC9FB5A268A4447005882E7 /* Release */ = {
			isa = XCBuildConfiguration;
			buildSettings = {
				ASSETCATALOG_COMPILER_APPICON_NAME = AppIcon;
				ASSETCATALOG_COMPILER_GLOBAL_ACCENT_COLOR_NAME = AccentColor;
				CODE_SIGN_STYLE = Automatic;
				DEVELOPMENT_ASSET_PATHS = "\"Malinki/Preview Content\"";
				DEVELOPMENT_TEAM = PM6R3BPDX5;
				ENABLE_PREVIEWS = YES;
				INFOPLIST_FILE = Malinki/Info.plist;
				IPHONEOS_DEPLOYMENT_TARGET = 14.0;
				LD_RUNPATH_SEARCH_PATHS = (
					"$(inherited)",
					"@executable_path/Frameworks",
				);
				PRODUCT_BUNDLE_IDENTIFIER = jagodki.Malinki;
				PRODUCT_NAME = "$(TARGET_NAME)";
				SWIFT_VERSION = 5.0;
				TARGETED_DEVICE_FAMILY = "1,2";
			};
			name = Release;
		};
/* End XCBuildConfiguration section */

/* Begin XCConfigurationList section */
		CEC9FB44268A4445005882E7 /* Build configuration list for PBXProject "Malinki" */ = {
			isa = XCConfigurationList;
			buildConfigurations = (
				CEC9FB56268A4447005882E7 /* Debug */,
				CEC9FB57268A4447005882E7 /* Release */,
			);
			defaultConfigurationIsVisible = 0;
			defaultConfigurationName = Release;
		};
		CEC9FB58268A4447005882E7 /* Build configuration list for PBXNativeTarget "Malinki" */ = {
			isa = XCConfigurationList;
			buildConfigurations = (
				CEC9FB59268A4447005882E7 /* Debug */,
				CEC9FB5A268A4447005882E7 /* Release */,
			);
			defaultConfigurationIsVisible = 0;
			defaultConfigurationName = Release;
		};
/* End XCConfigurationList section */

/* Begin XCRemoteSwiftPackageReference section */
		CE0FC2162739718500846042 /* XCRemoteSwiftPackageReference "SheeKit" */ = {
			isa = XCRemoteSwiftPackageReference;
			repositoryURL = "https://github.com/edudnyk/SheeKit.git";
			requirement = {
				kind = exactVersion;
				version = 0.0.3;
			};
		};
/* End XCRemoteSwiftPackageReference section */

/* Begin XCSwiftPackageProductDependency section */
		CE0FC2172739718500846042 /* SheeKit */ = {
			isa = XCSwiftPackageProductDependency;
			package = CE0FC2162739718500846042 /* XCRemoteSwiftPackageReference "SheeKit" */;
			productName = SheeKit;
		};
/* End XCSwiftPackageProductDependency section */
	};
	rootObject = CEC9FB41268A4445005882E7 /* Project object */;
}
