// !$*UTF8*$!
{
	archiveVersion = 1;
	classes = {
	};
	objectVersion = 52;
	objects = {

/* Begin PBXBuildFile section */
		CE066EB9276CB65C0038CCFA /* SheeKit in Frameworks */ = {isa = PBXBuildFile; productRef = CE066EB8276CB65C0038CCFA /* SheeKit */; };
		CE0736A5269649DB00490383 /* MalinkiMap.swift in Sources */ = {isa = PBXBuildFile; fileRef = CE0736A4269649DB00490383 /* MalinkiMap.swift */; };
		CE085B2F26D41878005D7453 /* MalinkiWMSOverlay.swift in Sources */ = {isa = PBXBuildFile; fileRef = CE085B2E26D41878005D7453 /* MalinkiWMSOverlay.swift */; };
		CE085B3226D41E17005D7453 /* MalinkiRasterData.swift in Sources */ = {isa = PBXBuildFile; fileRef = CE085B3126D41E17005D7453 /* MalinkiRasterData.swift */; };
		CE09C10E26BC5ECE0077177F /* MalinkiBasemapButton.swift in Sources */ = {isa = PBXBuildFile; fileRef = CE09C10D26BC5ECE0077177F /* MalinkiBasemapButton.swift */; };
		CE0B999A2772651F005CBE77 /* MalinkiFeatureDataContainer.swift in Sources */ = {isa = PBXBuildFile; fileRef = CE0B99992772651F005CBE77 /* MalinkiFeatureDataContainer.swift */; };
		CE0CA1472766814000AB916C /* MalinkiCoordinatesConverter.swift in Sources */ = {isa = PBXBuildFile; fileRef = CE0CA1462766814000AB916C /* MalinkiCoordinatesConverter.swift */; };
		CE0CD8C2274ECF51007EF580 /* MalinkiTheme.swift in Sources */ = {isa = PBXBuildFile; fileRef = CE0CD8C1274ECF51007EF580 /* MalinkiTheme.swift */; };
		CE0DE02C2898556400D92F20 /* MapKit.framework in Frameworks */ = {isa = PBXBuildFile; fileRef = CE0DE02B2898556400D92F20 /* MapKit.framework */; };
		CE0DE02E2898557800D92F20 /* StoreKit.framework in Frameworks */ = {isa = PBXBuildFile; fileRef = CE0DE02D2898557800D92F20 /* StoreKit.framework */; };
		CE0DE03128985E6800D92F20 /* MalinkiInAppPurchasesView.swift in Sources */ = {isa = PBXBuildFile; fileRef = CE0DE03028985E6800D92F20 /* MalinkiInAppPurchasesView.swift */; };
		CE10D500272AB3590025084A /* MalinkiLayerContainer.swift in Sources */ = {isa = PBXBuildFile; fileRef = CE10D4FF272AB3590025084A /* MalinkiLayerContainer.swift */; };
		CE123BC9274584A5007C6779 /* MalinkiVectorData.swift in Sources */ = {isa = PBXBuildFile; fileRef = CE123BC8274584A5007C6779 /* MalinkiVectorData.swift */; };
		CE123BCD27459DC2007C6779 /* MalinkiVectorGeometry.swift in Sources */ = {isa = PBXBuildFile; fileRef = CE123BCC27459DC2007C6779 /* MalinkiVectorGeometry.swift */; };
		CE1337DB288DC9CD00F90370 /* Datasources.md in Resources */ = {isa = PBXBuildFile; fileRef = CE1337DA288DC96B00F90370 /* Datasources.md */; };
		CE1337DD288DCA7200F90370 /* MalinkiDatasourcesView.swift in Sources */ = {isa = PBXBuildFile; fileRef = CE1337DC288DCA7200F90370 /* MalinkiDatasourcesView.swift */; };
		CE1B0A2327DA883C00077716 /* SWXMLHash in Frameworks */ = {isa = PBXBuildFile; productRef = CE1B0A2227DA883C00077716 /* SWXMLHash */; };
		CE1B1C93282C576C001D33BB /* MalinkiBookmarksView.swift in Sources */ = {isa = PBXBuildFile; fileRef = CE1B1C92282C576C001D33BB /* MalinkiBookmarksView.swift */; };
		CE21F7CB283FF75400E085E5 /* MalinkiMapRegion.swift in Sources */ = {isa = PBXBuildFile; fileRef = CE21F7CA283FF75400E085E5 /* MalinkiMapRegion.swift */; };
		CE2299D2268D00B4002B16EA /* MalinkiMapView.swift in Sources */ = {isa = PBXBuildFile; fileRef = CE2299D1268D00B4002B16EA /* MalinkiMapView.swift */; };
		CE2A348326977693009E4148 /* MalinkiBasemaps.swift in Sources */ = {isa = PBXBuildFile; fileRef = CE2A348226977693009E4148 /* MalinkiBasemaps.swift */; };
		CE2C92D92864F677008B7FA1 /* MalinkiUserAnnotationsView.swift in Sources */ = {isa = PBXBuildFile; fileRef = CE2C92D82864F677008B7FA1 /* MalinkiUserAnnotationsView.swift */; };
		CE2C92DC2864F6FB008B7FA1 /* MalinkiUserAnnotationsObjects.swift in Sources */ = {isa = PBXBuildFile; fileRef = CE2C92DB2864F6FB008B7FA1 /* MalinkiUserAnnotationsObjects.swift */; };
		CE2C92DE2864F70F008B7FA1 /* MalinkiUserAnnotationsProvider.swift in Sources */ = {isa = PBXBuildFile; fileRef = CE2C92DD2864F70F008B7FA1 /* MalinkiUserAnnotationsProvider.swift */; };
		CE2D6EEA2731E333001F5E67 /* MalinkiSheet.swift in Sources */ = {isa = PBXBuildFile; fileRef = CE2D6EE92731E333001F5E67 /* MalinkiSheet.swift */; };
		CE2DF8732889DE3E004691B0 /* MalinkiDatasourcesProvider.swift in Sources */ = {isa = PBXBuildFile; fileRef = CE2DF8722889DE3E004691B0 /* MalinkiDatasourcesProvider.swift */; };
		CE2E1340280F4EA2007950DF /* MalinkiExtensions.swift in Sources */ = {isa = PBXBuildFile; fileRef = CE2E133F280F4EA2007950DF /* MalinkiExtensions.swift */; };
		CE2E9E4D27FF641500774CCD /* MalinkiToolButton.swift in Sources */ = {isa = PBXBuildFile; fileRef = CE2E9E4C27FF641500774CCD /* MalinkiToolButton.swift */; };
		CE2F293928FF451000556DDD /* MalinkiLegendView.swift in Sources */ = {isa = PBXBuildFile; fileRef = CE2F293828FF451000556DDD /* MalinkiLegendView.swift */; };
		CE4009C02742FA6E00C0ED75 /* MalinkiAnnotationView.swift in Sources */ = {isa = PBXBuildFile; fileRef = CE4009BF2742FA6E00C0ED75 /* MalinkiAnnotationView.swift */; };
		CE44B0AD26C985FC00298DC3 /* MalinkiConfigurationProvider.swift in Sources */ = {isa = PBXBuildFile; fileRef = CE44B0AC26C985FC00298DC3 /* MalinkiConfigurationProvider.swift */; };
		CE44B0AF26C9867700298DC3 /* MalinkiConfigurationObjects.swift in Sources */ = {isa = PBXBuildFile; fileRef = CE44B0AE26C9867700298DC3 /* MalinkiConfigurationObjects.swift */; };
		CE457EF72926C087006ADDF9 /* MalinkiSimpleDataConverter.swift in Sources */ = {isa = PBXBuildFile; fileRef = CE457EF62926C087006ADDF9 /* MalinkiSimpleDataConverter.swift */; };
		CE47C2E02721EF9D00034C38 /* MalinkiMapContentButton.swift in Sources */ = {isa = PBXBuildFile; fileRef = CE47C2DF2721EF9D00034C38 /* MalinkiMapContentButton.swift */; };
		CE4BD8F82817212500C72807 /* MalinkiSearchResultView.swift in Sources */ = {isa = PBXBuildFile; fileRef = CE4BD8F72817212500C72807 /* MalinkiSearchResultView.swift */; };
		CE4F33C127C2C0640052AADD /* marine_centroids.geojson in Resources */ = {isa = PBXBuildFile; fileRef = CE4F33C027C2C0640052AADD /* marine_centroids.geojson */; };
		CE4F33C327C2C06C0052AADD /* marine.geojson in Resources */ = {isa = PBXBuildFile; fileRef = CE4F33C227C2C06C0052AADD /* marine.geojson */; };
		CE519CD228A1A54700DEEB4D /* MalinkiStoreManager.swift in Sources */ = {isa = PBXBuildFile; fileRef = CE519CD128A1A54700DEEB4D /* MalinkiStoreManager.swift */; };
		CE5B566A26C458B6008EA9BE /* MalinkiMapThemes.swift in Sources */ = {isa = PBXBuildFile; fileRef = CE5B566926C458B6008EA9BE /* MalinkiMapThemes.swift */; };
		CE711125276A781300D0F5EB /* MalinkiSheetHeader.swift in Sources */ = {isa = PBXBuildFile; fileRef = CE711124276A781300D0F5EB /* MalinkiSheetHeader.swift */; };
		CE8695D626FBAA8100A0A916 /* MalinkiWMTSOverlay.swift in Sources */ = {isa = PBXBuildFile; fileRef = CE8695D526FBAA8100A0A916 /* MalinkiWMTSOverlay.swift */; };
		CE90913E2783307500ED7EAC /* MalinkiAnnotationContainer.swift in Sources */ = {isa = PBXBuildFile; fileRef = CE90913D2783307500ED7EAC /* MalinkiAnnotationContainer.swift */; };
		CEA604452900989E007F5514 /* MalinkiImageLoader.swift in Sources */ = {isa = PBXBuildFile; fileRef = CEA604442900989E007F5514 /* MalinkiImageLoader.swift */; };
		CEB0B3F026C1A44500D15866 /* MalinkiMapContent.swift in Sources */ = {isa = PBXBuildFile; fileRef = CEB0B3EF26C1A44500D15866 /* MalinkiMapContent.swift */; };
		CEB0B3F226C1A50600D15866 /* MalinkiLayer.swift in Sources */ = {isa = PBXBuildFile; fileRef = CEB0B3F126C1A50600D15866 /* MalinkiLayer.swift */; };
		CEB2A15D26AF40C9002F2D52 /* MalinkiSearchBar.swift in Sources */ = {isa = PBXBuildFile; fileRef = CEB2A15C26AF40C9002F2D52 /* MalinkiSearchBar.swift */; };
		CEBAA8112821B33E00B1B284 /* MalinkiBookmarksObjects.swift in Sources */ = {isa = PBXBuildFile; fileRef = CEBAA8102821B33E00B1B284 /* MalinkiBookmarksObjects.swift */; };
		CEBAA8132821B58200B1B284 /* MalinkiBookmarksProvider.swift in Sources */ = {isa = PBXBuildFile; fileRef = CEBAA8122821B58200B1B284 /* MalinkiBookmarksProvider.swift */; };
		CEC9FB4D268A4445005882E7 /* MalinkiApp.swift in Sources */ = {isa = PBXBuildFile; fileRef = CEC9FB4C268A4445005882E7 /* MalinkiApp.swift */; };
		CEC9FB4F268A4445005882E7 /* ContentView.swift in Sources */ = {isa = PBXBuildFile; fileRef = CEC9FB4E268A4445005882E7 /* ContentView.swift */; };
		CEC9FB51268A4447005882E7 /* Assets.xcassets in Resources */ = {isa = PBXBuildFile; fileRef = CEC9FB50268A4447005882E7 /* Assets.xcassets */; };
		CEC9FB54268A4447005882E7 /* Preview Assets.xcassets in Resources */ = {isa = PBXBuildFile; fileRef = CEC9FB53268A4447005882E7 /* Preview Assets.xcassets */; };
		CECCE5C3269CC8FA00BA8B30 /* MalinkiSearchView.swift in Sources */ = {isa = PBXBuildFile; fileRef = CECCE5C2269CC8FA00BA8B30 /* MalinkiSearchView.swift */; };
		CECCE5C5269CC90C00BA8B30 /* MalinkiObjectDetailsView.swift in Sources */ = {isa = PBXBuildFile; fileRef = CECCE5C4269CC90C00BA8B30 /* MalinkiObjectDetailsView.swift */; };
		CEDF03CE284236D3002B25C6 /* AlertControlView.swift in Sources */ = {isa = PBXBuildFile; fileRef = CEDF03CD284236D3002B25C6 /* AlertControlView.swift */; };
		CEE9EA7126CC49C00025AF80 /* Configuration.json in Resources */ = {isa = PBXBuildFile; fileRef = CE582B9D26B1E2C100BAA289 /* Configuration.json */; };
		CEE9ED9E28931C97006901C9 /* Localizable.strings in Resources */ = {isa = PBXBuildFile; fileRef = CEE9ED9C28931C97006901C9 /* Localizable.strings */; };
		CEEEC679273DA46E00A87CA3 /* MalinkiAnnotation.swift in Sources */ = {isa = PBXBuildFile; fileRef = CEEEC678273DA46E00A87CA3 /* MalinkiAnnotation.swift */; };
		CEF570E626E69D8F0038B00D /* MalinkiTileOverlay.swift in Sources */ = {isa = PBXBuildFile; fileRef = CEF570E526E69D8F0038B00D /* MalinkiTileOverlay.swift */; };
		CEF7E010276935A40099A0D5 /* MalinkiFeatureData.swift in Sources */ = {isa = PBXBuildFile; fileRef = CEF7E00F276935A30099A0D5 /* MalinkiFeatureData.swift */; };
		CEFBB251275820B1003EE716 /* warngebiete_see_centroids.geojson in Resources */ = {isa = PBXBuildFile; fileRef = CEFBB24F275820B1003EE716 /* warngebiete_see_centroids.geojson */; };
		CEFBB252275820B1003EE716 /* 2m_temp_places.geojson in Resources */ = {isa = PBXBuildFile; fileRef = CEFBB250275820B1003EE716 /* 2m_temp_places.geojson */; };
/* End PBXBuildFile section */

/* Begin PBXCopyFilesBuildPhase section */
		CE4845CB273972AE00E3AC72 /* Embed Frameworks */ = {
			isa = PBXCopyFilesBuildPhase;
			buildActionMask = 2147483647;
			dstPath = "";
			dstSubfolderSpec = 10;
			files = (
			);
			name = "Embed Frameworks";
			runOnlyForDeploymentPostprocessing = 0;
		};
/* End PBXCopyFilesBuildPhase section */

/* Begin PBXFileReference section */
		CE0736A4269649DB00490383 /* MalinkiMap.swift */ = {isa = PBXFileReference; lastKnownFileType = sourcecode.swift; path = MalinkiMap.swift; sourceTree = "<group>"; };
		CE085B2E26D41878005D7453 /* MalinkiWMSOverlay.swift */ = {isa = PBXFileReference; lastKnownFileType = sourcecode.swift; path = MalinkiWMSOverlay.swift; sourceTree = "<group>"; };
		CE085B3126D41E17005D7453 /* MalinkiRasterData.swift */ = {isa = PBXFileReference; lastKnownFileType = sourcecode.swift; path = MalinkiRasterData.swift; sourceTree = "<group>"; };
		CE09C10D26BC5ECE0077177F /* MalinkiBasemapButton.swift */ = {isa = PBXFileReference; lastKnownFileType = sourcecode.swift; path = MalinkiBasemapButton.swift; sourceTree = "<group>"; };
		CE0B99992772651F005CBE77 /* MalinkiFeatureDataContainer.swift */ = {isa = PBXFileReference; lastKnownFileType = sourcecode.swift; path = MalinkiFeatureDataContainer.swift; sourceTree = "<group>"; };
		CE0CA1462766814000AB916C /* MalinkiCoordinatesConverter.swift */ = {isa = PBXFileReference; lastKnownFileType = sourcecode.swift; path = MalinkiCoordinatesConverter.swift; sourceTree = "<group>"; };
		CE0CD8C1274ECF51007EF580 /* MalinkiTheme.swift */ = {isa = PBXFileReference; lastKnownFileType = sourcecode.swift; path = MalinkiTheme.swift; sourceTree = "<group>"; };
		CE0DE02B2898556400D92F20 /* MapKit.framework */ = {isa = PBXFileReference; lastKnownFileType = wrapper.framework; name = MapKit.framework; path = System/Library/Frameworks/MapKit.framework; sourceTree = SDKROOT; };
		CE0DE02D2898557800D92F20 /* StoreKit.framework */ = {isa = PBXFileReference; lastKnownFileType = wrapper.framework; name = StoreKit.framework; path = System/Library/Frameworks/StoreKit.framework; sourceTree = SDKROOT; };
		CE0DE03028985E6800D92F20 /* MalinkiInAppPurchasesView.swift */ = {isa = PBXFileReference; lastKnownFileType = sourcecode.swift; path = MalinkiInAppPurchasesView.swift; sourceTree = "<group>"; };
		CE10D4FF272AB3590025084A /* MalinkiLayerContainer.swift */ = {isa = PBXFileReference; lastKnownFileType = sourcecode.swift; path = MalinkiLayerContainer.swift; sourceTree = "<group>"; };
		CE123BC8274584A5007C6779 /* MalinkiVectorData.swift */ = {isa = PBXFileReference; lastKnownFileType = sourcecode.swift; path = MalinkiVectorData.swift; sourceTree = "<group>"; };
		CE123BCC27459DC2007C6779 /* MalinkiVectorGeometry.swift */ = {isa = PBXFileReference; lastKnownFileType = sourcecode.swift; path = MalinkiVectorGeometry.swift; sourceTree = "<group>"; };
		CE1337DA288DC96B00F90370 /* Datasources.md */ = {isa = PBXFileReference; lastKnownFileType = net.daringfireball.markdown; path = Datasources.md; sourceTree = "<group>"; };
		CE1337DC288DCA7200F90370 /* MalinkiDatasourcesView.swift */ = {isa = PBXFileReference; lastKnownFileType = sourcecode.swift; path = MalinkiDatasourcesView.swift; sourceTree = "<group>"; };
		CE1B1C92282C576C001D33BB /* MalinkiBookmarksView.swift */ = {isa = PBXFileReference; lastKnownFileType = sourcecode.swift; path = MalinkiBookmarksView.swift; sourceTree = "<group>"; };
		CE21F7CA283FF75400E085E5 /* MalinkiMapRegion.swift */ = {isa = PBXFileReference; lastKnownFileType = sourcecode.swift; path = MalinkiMapRegion.swift; sourceTree = "<group>"; };
		CE2299D1268D00B4002B16EA /* MalinkiMapView.swift */ = {isa = PBXFileReference; lastKnownFileType = sourcecode.swift; path = MalinkiMapView.swift; sourceTree = "<group>"; };
		CE2A348226977693009E4148 /* MalinkiBasemaps.swift */ = {isa = PBXFileReference; lastKnownFileType = sourcecode.swift; path = MalinkiBasemaps.swift; sourceTree = "<group>"; };
		CE2C92D82864F677008B7FA1 /* MalinkiUserAnnotationsView.swift */ = {isa = PBXFileReference; lastKnownFileType = sourcecode.swift; path = MalinkiUserAnnotationsView.swift; sourceTree = "<group>"; };
		CE2C92DB2864F6FB008B7FA1 /* MalinkiUserAnnotationsObjects.swift */ = {isa = PBXFileReference; lastKnownFileType = sourcecode.swift; path = MalinkiUserAnnotationsObjects.swift; sourceTree = "<group>"; };
		CE2C92DD2864F70F008B7FA1 /* MalinkiUserAnnotationsProvider.swift */ = {isa = PBXFileReference; lastKnownFileType = sourcecode.swift; path = MalinkiUserAnnotationsProvider.swift; sourceTree = "<group>"; };
		CE2D6EE92731E333001F5E67 /* MalinkiSheet.swift */ = {isa = PBXFileReference; lastKnownFileType = sourcecode.swift; path = MalinkiSheet.swift; sourceTree = "<group>"; };
		CE2DF8722889DE3E004691B0 /* MalinkiDatasourcesProvider.swift */ = {isa = PBXFileReference; lastKnownFileType = sourcecode.swift; path = MalinkiDatasourcesProvider.swift; sourceTree = "<group>"; };
		CE2E133F280F4EA2007950DF /* MalinkiExtensions.swift */ = {isa = PBXFileReference; lastKnownFileType = sourcecode.swift; path = MalinkiExtensions.swift; sourceTree = "<group>"; };
		CE2E9E4C27FF641500774CCD /* MalinkiToolButton.swift */ = {isa = PBXFileReference; lastKnownFileType = sourcecode.swift; path = MalinkiToolButton.swift; sourceTree = "<group>"; };
		CE2F293828FF451000556DDD /* MalinkiLegendView.swift */ = {isa = PBXFileReference; lastKnownFileType = sourcecode.swift; path = MalinkiLegendView.swift; sourceTree = "<group>"; };
		CE3073CA28AECBDD00DE93E3 /* en */ = {isa = PBXFileReference; lastKnownFileType = text.plist.strings; name = en; path = en.lproj/Localizable.strings; sourceTree = "<group>"; };
		CE4009BF2742FA6E00C0ED75 /* MalinkiAnnotationView.swift */ = {isa = PBXFileReference; lastKnownFileType = sourcecode.swift; path = MalinkiAnnotationView.swift; sourceTree = "<group>"; };
		CE44B0AC26C985FC00298DC3 /* MalinkiConfigurationProvider.swift */ = {isa = PBXFileReference; lastKnownFileType = sourcecode.swift; path = MalinkiConfigurationProvider.swift; sourceTree = "<group>"; };
		CE44B0AE26C9867700298DC3 /* MalinkiConfigurationObjects.swift */ = {isa = PBXFileReference; lastKnownFileType = sourcecode.swift; path = MalinkiConfigurationObjects.swift; sourceTree = "<group>"; };
		CE457EF62926C087006ADDF9 /* MalinkiSimpleDataConverter.swift */ = {isa = PBXFileReference; lastKnownFileType = sourcecode.swift; path = MalinkiSimpleDataConverter.swift; sourceTree = "<group>"; };
		CE47C2DF2721EF9D00034C38 /* MalinkiMapContentButton.swift */ = {isa = PBXFileReference; lastKnownFileType = sourcecode.swift; path = MalinkiMapContentButton.swift; sourceTree = "<group>"; };
		CE4BD8F72817212500C72807 /* MalinkiSearchResultView.swift */ = {isa = PBXFileReference; lastKnownFileType = sourcecode.swift; path = MalinkiSearchResultView.swift; sourceTree = "<group>"; };
		CE4F33C027C2C0640052AADD /* marine_centroids.geojson */ = {isa = PBXFileReference; fileEncoding = 4; lastKnownFileType = text; path = marine_centroids.geojson; sourceTree = "<group>"; };
		CE4F33C227C2C06C0052AADD /* marine.geojson */ = {isa = PBXFileReference; fileEncoding = 4; lastKnownFileType = text; path = marine.geojson; sourceTree = "<group>"; };
		CE519CD028A1A4EF00DEEB4D /* Configuration_Test.storekit */ = {isa = PBXFileReference; lastKnownFileType = text; path = Configuration_Test.storekit; sourceTree = "<group>"; };
		CE519CD128A1A54700DEEB4D /* MalinkiStoreManager.swift */ = {isa = PBXFileReference; lastKnownFileType = sourcecode.swift; path = MalinkiStoreManager.swift; sourceTree = "<group>"; };
		CE582B9D26B1E2C100BAA289 /* Configuration.json */ = {isa = PBXFileReference; lastKnownFileType = text.json; path = Configuration.json; sourceTree = "<group>"; };
		CE5B566926C458B6008EA9BE /* MalinkiMapThemes.swift */ = {isa = PBXFileReference; lastKnownFileType = sourcecode.swift; path = MalinkiMapThemes.swift; sourceTree = "<group>"; };
		CE711124276A781300D0F5EB /* MalinkiSheetHeader.swift */ = {isa = PBXFileReference; lastKnownFileType = sourcecode.swift; path = MalinkiSheetHeader.swift; sourceTree = "<group>"; };
		CE8695D526FBAA8100A0A916 /* MalinkiWMTSOverlay.swift */ = {isa = PBXFileReference; lastKnownFileType = sourcecode.swift; path = MalinkiWMTSOverlay.swift; sourceTree = "<group>"; };
		CE90913D2783307500ED7EAC /* MalinkiAnnotationContainer.swift */ = {isa = PBXFileReference; lastKnownFileType = sourcecode.swift; path = MalinkiAnnotationContainer.swift; sourceTree = "<group>"; };
		CEA604442900989E007F5514 /* MalinkiImageLoader.swift */ = {isa = PBXFileReference; lastKnownFileType = sourcecode.swift; path = MalinkiImageLoader.swift; sourceTree = "<group>"; };
		CEB0B3EF26C1A44500D15866 /* MalinkiMapContent.swift */ = {isa = PBXFileReference; lastKnownFileType = sourcecode.swift; path = MalinkiMapContent.swift; sourceTree = "<group>"; };
		CEB0B3F126C1A50600D15866 /* MalinkiLayer.swift */ = {isa = PBXFileReference; lastKnownFileType = sourcecode.swift; path = MalinkiLayer.swift; sourceTree = "<group>"; };
		CEB2A15C26AF40C9002F2D52 /* MalinkiSearchBar.swift */ = {isa = PBXFileReference; lastKnownFileType = sourcecode.swift; path = MalinkiSearchBar.swift; sourceTree = "<group>"; };
		CEBAA8102821B33E00B1B284 /* MalinkiBookmarksObjects.swift */ = {isa = PBXFileReference; lastKnownFileType = sourcecode.swift; path = MalinkiBookmarksObjects.swift; sourceTree = "<group>"; };
		CEBAA8122821B58200B1B284 /* MalinkiBookmarksProvider.swift */ = {isa = PBXFileReference; lastKnownFileType = sourcecode.swift; path = MalinkiBookmarksProvider.swift; sourceTree = "<group>"; };
		CEC9FB49268A4445005882E7 /* Malinki.app */ = {isa = PBXFileReference; explicitFileType = wrapper.application; includeInIndex = 0; path = Malinki.app; sourceTree = BUILT_PRODUCTS_DIR; };
		CEC9FB4C268A4445005882E7 /* MalinkiApp.swift */ = {isa = PBXFileReference; lastKnownFileType = sourcecode.swift; path = MalinkiApp.swift; sourceTree = "<group>"; };
		CEC9FB4E268A4445005882E7 /* ContentView.swift */ = {isa = PBXFileReference; lastKnownFileType = sourcecode.swift; path = ContentView.swift; sourceTree = "<group>"; };
		CEC9FB50268A4447005882E7 /* Assets.xcassets */ = {isa = PBXFileReference; lastKnownFileType = folder.assetcatalog; path = Assets.xcassets; sourceTree = "<group>"; };
		CEC9FB53268A4447005882E7 /* Preview Assets.xcassets */ = {isa = PBXFileReference; lastKnownFileType = folder.assetcatalog; path = "Preview Assets.xcassets"; sourceTree = "<group>"; };
		CEC9FB55268A4447005882E7 /* Info.plist */ = {isa = PBXFileReference; lastKnownFileType = text.plist.xml; path = Info.plist; sourceTree = "<group>"; };
		CECCE5C2269CC8FA00BA8B30 /* MalinkiSearchView.swift */ = {isa = PBXFileReference; lastKnownFileType = sourcecode.swift; path = MalinkiSearchView.swift; sourceTree = "<group>"; };
		CECCE5C4269CC90C00BA8B30 /* MalinkiObjectDetailsView.swift */ = {isa = PBXFileReference; lastKnownFileType = sourcecode.swift; path = MalinkiObjectDetailsView.swift; sourceTree = "<group>"; };
		CEDF03CD284236D3002B25C6 /* AlertControlView.swift */ = {isa = PBXFileReference; lastKnownFileType = sourcecode.swift; path = AlertControlView.swift; sourceTree = "<group>"; };
		CEE9ED9D28931C97006901C9 /* de */ = {isa = PBXFileReference; lastKnownFileType = text.plist.strings; name = de; path = de.lproj/Localizable.strings; sourceTree = "<group>"; };
		CEE9ED9F28931E0F006901C9 /* fr */ = {isa = PBXFileReference; lastKnownFileType = text.plist.strings; name = fr; path = fr.lproj/Localizable.strings; sourceTree = "<group>"; };
		CEE9EDA028931E26006901C9 /* pl */ = {isa = PBXFileReference; lastKnownFileType = text.plist.strings; name = pl; path = pl.lproj/Localizable.strings; sourceTree = "<group>"; };
		CEE9EDA128931E3E006901C9 /* sv */ = {isa = PBXFileReference; lastKnownFileType = text.plist.strings; name = sv; path = sv.lproj/Localizable.strings; sourceTree = "<group>"; };
		CEEEC678273DA46E00A87CA3 /* MalinkiAnnotation.swift */ = {isa = PBXFileReference; lastKnownFileType = sourcecode.swift; path = MalinkiAnnotation.swift; sourceTree = "<group>"; };
		CEF570E526E69D8F0038B00D /* MalinkiTileOverlay.swift */ = {isa = PBXFileReference; lastKnownFileType = sourcecode.swift; path = MalinkiTileOverlay.swift; sourceTree = "<group>"; };
		CEF7E00F276935A30099A0D5 /* MalinkiFeatureData.swift */ = {isa = PBXFileReference; lastKnownFileType = sourcecode.swift; path = MalinkiFeatureData.swift; sourceTree = "<group>"; };
		CEFBB24F275820B1003EE716 /* warngebiete_see_centroids.geojson */ = {isa = PBXFileReference; fileEncoding = 4; lastKnownFileType = text; name = warngebiete_see_centroids.geojson; path = "../../../../../GIS/Local Annotations/warngebiete_see_centroids.geojson"; sourceTree = "<group>"; };
		CEFBB250275820B1003EE716 /* 2m_temp_places.geojson */ = {isa = PBXFileReference; fileEncoding = 4; lastKnownFileType = text; name = 2m_temp_places.geojson; path = "../../../../../GIS/Local Annotations/2m_temp_places.geojson"; sourceTree = "<group>"; };
/* End PBXFileReference section */

/* Begin PBXFrameworksBuildPhase section */
		CEC9FB46268A4445005882E7 /* Frameworks */ = {
			isa = PBXFrameworksBuildPhase;
			buildActionMask = 2147483647;
			files = (
				CE1B0A2327DA883C00077716 /* SWXMLHash in Frameworks */,
				CE0DE02C2898556400D92F20 /* MapKit.framework in Frameworks */,
				CE066EB9276CB65C0038CCFA /* SheeKit in Frameworks */,
				CE0DE02E2898557800D92F20 /* StoreKit.framework in Frameworks */,
			);
			runOnlyForDeploymentPostprocessing = 0;
		};
/* End PBXFrameworksBuildPhase section */

/* Begin PBXGroup section */
		CE00616627387F7500155A9A /* Packages */ = {
			isa = PBXGroup;
			children = (
			);
			name = Packages;
			sourceTree = "<group>";
		};
		CE085B3026D41B4B005D7453 /* RasterData */ = {
			isa = PBXGroup;
			children = (
				CE085B3126D41E17005D7453 /* MalinkiRasterData.swift */,
				CEF570E526E69D8F0038B00D /* MalinkiTileOverlay.swift */,
				CE085B2E26D41878005D7453 /* MalinkiWMSOverlay.swift */,
				CE8695D526FBAA8100A0A916 /* MalinkiWMTSOverlay.swift */,
			);
			path = RasterData;
			sourceTree = "<group>";
		};
		CE0CA1482766825800AB916C /* Algorithms */ = {
			isa = PBXGroup;
			children = (
				CE0CA1462766814000AB916C /* MalinkiCoordinatesConverter.swift */,
				CE457EF62926C087006ADDF9 /* MalinkiSimpleDataConverter.swift */,
			);
			path = Algorithms;
			sourceTree = "<group>";
		};
		CE0DE02A2898556400D92F20 /* Frameworks */ = {
			isa = PBXGroup;
			children = (
				CE0DE02D2898557800D92F20 /* StoreKit.framework */,
				CE0DE02B2898556400D92F20 /* MapKit.framework */,
			);
			name = Frameworks;
			sourceTree = "<group>";
		};
		CE0DE02F28985E4800D92F20 /* InAppPurchases */ = {
			isa = PBXGroup;
			children = (
				CE0DE03028985E6800D92F20 /* MalinkiInAppPurchasesView.swift */,
			);
			path = InAppPurchases;
			sourceTree = "<group>";
		};
		CE0DE032289868E600D92F20 /* Purchases */ = {
			isa = PBXGroup;
			children = (
				CE519CD028A1A4EF00DEEB4D /* Configuration_Test.storekit */,
				CE519CD128A1A54700DEEB4D /* MalinkiStoreManager.swift */,
			);
			path = Purchases;
			sourceTree = "<group>";
		};
		CE10D4FE272AB3270025084A /* LayerData */ = {
			isa = PBXGroup;
			children = (
				CE10D4FF272AB3590025084A /* MalinkiLayerContainer.swift */,
				CEB0B3F126C1A50600D15866 /* MalinkiLayer.swift */,
				CE0CD8C1274ECF51007EF580 /* MalinkiTheme.swift */,
			);
			path = LayerData;
			sourceTree = "<group>";
		};
		CE1B1C91282C5736001D33BB /* Bookmarks */ = {
			isa = PBXGroup;
			children = (
				CE1B1C92282C576C001D33BB /* MalinkiBookmarksView.swift */,
			);
			path = Bookmarks;
			sourceTree = "<group>";
		};
		CE21F7C9283FF72400E085E5 /* MapData */ = {
			isa = PBXGroup;
			children = (
				CE21F7CA283FF75400E085E5 /* MalinkiMapRegion.swift */,
			);
			path = MapData;
			sourceTree = "<group>";
		};
		CE2299D0268D0026002B16EA /* UserInterface */ = {
			isa = PBXGroup;
			children = (
				CEDF03CC284236B5002B25C6 /* Alert */,
				CE2C92D72864F61A008B7FA1 /* Annotations */,
				CE1B1C91282C5736001D33BB /* Bookmarks */,
				CE2F293628FF446A00556DDD /* BottomSheet */,
				CE2DF8742889E282004691B0 /* Datasources */,
				CE0DE02F28985E4800D92F20 /* InAppPurchases */,
				CE2F293728FF44E200556DDD /* Legend */,
				CE5A7B7526B1D62C00D423E9 /* MapControl */,
				CE5A7B7726B1D67D00D423E9 /* MapObjects */,
				CE5A7B7426B1D62100D423E9 /* MapView */,
				CE2E9E4B27FF63C500774CCD /* Tools */,
				CE5A7B7626B1D65E00D423E9 /* Search */,
				CE0736A4269649DB00490383 /* MalinkiMap.swift */,
			);
			path = UserInterface;
			sourceTree = "<group>";
		};
		CE2C92D72864F61A008B7FA1 /* Annotations */ = {
			isa = PBXGroup;
			children = (
				CE2C92D82864F677008B7FA1 /* MalinkiUserAnnotationsView.swift */,
			);
			path = Annotations;
			sourceTree = "<group>";
		};
		CE2C92DA2864F6D4008B7FA1 /* Annotations */ = {
			isa = PBXGroup;
			children = (
				CE2C92DB2864F6FB008B7FA1 /* MalinkiUserAnnotationsObjects.swift */,
				CE2C92DD2864F70F008B7FA1 /* MalinkiUserAnnotationsProvider.swift */,
			);
			path = Annotations;
			sourceTree = "<group>";
		};
		CE2DF8712889DE23004691B0 /* Datasources */ = {
			isa = PBXGroup;
			children = (
				CE2DF8722889DE3E004691B0 /* MalinkiDatasourcesProvider.swift */,
			);
			path = Datasources;
			sourceTree = "<group>";
		};
		CE2DF8742889E282004691B0 /* Datasources */ = {
			isa = PBXGroup;
			children = (
				CE1337DC288DCA7200F90370 /* MalinkiDatasourcesView.swift */,
			);
			path = Datasources;
			sourceTree = "<group>";
		};
		CE2E9E4B27FF63C500774CCD /* Tools */ = {
			isa = PBXGroup;
			children = (
				CE2E9E4C27FF641500774CCD /* MalinkiToolButton.swift */,
			);
			path = Tools;
			sourceTree = "<group>";
		};
		CE2F293628FF446A00556DDD /* BottomSheet */ = {
			isa = PBXGroup;
			children = (
				CE2D6EE92731E333001F5E67 /* MalinkiSheet.swift */,
				CE711124276A781300D0F5EB /* MalinkiSheetHeader.swift */,
			);
			path = BottomSheet;
			sourceTree = "<group>";
		};
		CE2F293728FF44E200556DDD /* Legend */ = {
			isa = PBXGroup;
			children = (
				CE2F293828FF451000556DDD /* MalinkiLegendView.swift */,
			);
			path = Legend;
			sourceTree = "<group>";
		};
		CE4009C12742FD5E00C0ED75 /* VectorData */ = {
			isa = PBXGroup;
			children = (
				CEEEC678273DA46E00A87CA3 /* MalinkiAnnotation.swift */,
				CE90913D2783307500ED7EAC /* MalinkiAnnotationContainer.swift */,
				CEF7E00F276935A30099A0D5 /* MalinkiFeatureData.swift */,
				CE0B99992772651F005CBE77 /* MalinkiFeatureDataContainer.swift */,
				CE123BC8274584A5007C6779 /* MalinkiVectorData.swift */,
				CE123BCC27459DC2007C6779 /* MalinkiVectorGeometry.swift */,
			);
			path = VectorData;
			sourceTree = "<group>";
		};
		CE4DB0CB274BE6C9006019F8 /* LocalData */ = {
			isa = PBXGroup;
			children = (
				CE4F33C227C2C06C0052AADD /* marine.geojson */,
				CE4F33C027C2C0640052AADD /* marine_centroids.geojson */,
				CEFBB250275820B1003EE716 /* 2m_temp_places.geojson */,
				CEFBB24F275820B1003EE716 /* warngebiete_see_centroids.geojson */,
			);
			path = LocalData;
			sourceTree = "<group>";
		};
		CE582B9E26B1E31A00BAA289 /* Configuration */ = {
			isa = PBXGroup;
			children = (
				CE44B0AC26C985FC00298DC3 /* MalinkiConfigurationProvider.swift */,
				CE44B0AE26C9867700298DC3 /* MalinkiConfigurationObjects.swift */,
			);
			path = Configuration;
			sourceTree = "<group>";
		};
		CE5A7B7426B1D62100D423E9 /* MapView */ = {
			isa = PBXGroup;
			children = (
				CE2299D1268D00B4002B16EA /* MalinkiMapView.swift */,
			);
			path = MapView;
			sourceTree = "<group>";
		};
		CE5A7B7526B1D62C00D423E9 /* MapControl */ = {
			isa = PBXGroup;
			children = (
				CE5B566926C458B6008EA9BE /* MalinkiMapThemes.swift */,
				CE09C10D26BC5ECE0077177F /* MalinkiBasemapButton.swift */,
				CE2A348226977693009E4148 /* MalinkiBasemaps.swift */,
				CEB0B3EF26C1A44500D15866 /* MalinkiMapContent.swift */,
				CE47C2DF2721EF9D00034C38 /* MalinkiMapContentButton.swift */,
			);
			path = MapControl;
			sourceTree = "<group>";
		};
		CE5A7B7626B1D65E00D423E9 /* Search */ = {
			isa = PBXGroup;
			children = (
				CEB2A15C26AF40C9002F2D52 /* MalinkiSearchBar.swift */,
				CECCE5C2269CC8FA00BA8B30 /* MalinkiSearchView.swift */,
				CE4BD8F72817212500C72807 /* MalinkiSearchResultView.swift */,
			);
			path = Search;
			sourceTree = "<group>";
		};
		CE5A7B7726B1D67D00D423E9 /* MapObjects */ = {
			isa = PBXGroup;
			children = (
				CECCE5C4269CC90C00BA8B30 /* MalinkiObjectDetailsView.swift */,
				CE4009BF2742FA6E00C0ED75 /* MalinkiAnnotationView.swift */,
			);
			path = MapObjects;
			sourceTree = "<group>";
		};
		CE63ECFA26C6FF67005BD152 /* Data Interface */ = {
			isa = PBXGroup;
			children = (
				CE2C92DA2864F6D4008B7FA1 /* Annotations */,
				CEBAA80F2821B29D00B1B284 /* Bookmarks */,
				CE2DF8712889DE23004691B0 /* Datasources */,
				CEA6044329009805007F5514 /* ImageData */,
				CE10D4FE272AB3270025084A /* LayerData */,
				CE21F7C9283FF72400E085E5 /* MapData */,
				CE085B3026D41B4B005D7453 /* RasterData */,
				CE4009C12742FD5E00C0ED75 /* VectorData */,
			);
			path = "Data Interface";
			sourceTree = "<group>";
		};
		CEA6044329009805007F5514 /* ImageData */ = {
			isa = PBXGroup;
			children = (
				CEA604442900989E007F5514 /* MalinkiImageLoader.swift */,
			);
			path = ImageData;
			sourceTree = "<group>";
		};
		CEBAA80F2821B29D00B1B284 /* Bookmarks */ = {
			isa = PBXGroup;
			children = (
				CEBAA8102821B33E00B1B284 /* MalinkiBookmarksObjects.swift */,
				CEBAA8122821B58200B1B284 /* MalinkiBookmarksProvider.swift */,
			);
			path = Bookmarks;
			sourceTree = "<group>";
		};
		CEC9FB40268A4445005882E7 = {
			isa = PBXGroup;
			children = (
				CE00616627387F7500155A9A /* Packages */,
				CEC9FB4B268A4445005882E7 /* Malinki */,
				CEC9FB4A268A4445005882E7 /* Products */,
				CE0DE02A2898556400D92F20 /* Frameworks */,
			);
			sourceTree = "<group>";
		};
		CEC9FB4A268A4445005882E7 /* Products */ = {
			isa = PBXGroup;
			children = (
				CEC9FB49268A4445005882E7 /* Malinki.app */,
			);
			name = Products;
			sourceTree = "<group>";
		};
		CEC9FB4B268A4445005882E7 /* Malinki */ = {
			isa = PBXGroup;
			children = (
				CE0CA1482766825800AB916C /* Algorithms */,
				CE582B9E26B1E31A00BAA289 /* Configuration */,
				CE63ECFA26C6FF67005BD152 /* Data Interface */,
				CE0DE032289868E600D92F20 /* Purchases */,
				CE2299D0268D0026002B16EA /* UserInterface */,
				CEC9FB4C268A4445005882E7 /* MalinkiApp.swift */,
				CE2E133F280F4EA2007950DF /* MalinkiExtensions.swift */,
				CEC9FB4E268A4445005882E7 /* ContentView.swift */,
				CE582B9D26B1E2C100BAA289 /* Configuration.json */,
				CE1337DA288DC96B00F90370 /* Datasources.md */,
				CE4DB0CB274BE6C9006019F8 /* LocalData */,
				CEC9FB50268A4447005882E7 /* Assets.xcassets */,
				CEC9FB55268A4447005882E7 /* Info.plist */,
				CEE9ED9C28931C97006901C9 /* Localizable.strings */,
				CEC9FB52268A4447005882E7 /* Preview Content */,
			);
			path = Malinki;
			sourceTree = "<group>";
		};
		CEC9FB52268A4447005882E7 /* Preview Content */ = {
			isa = PBXGroup;
			children = (
				CEC9FB53268A4447005882E7 /* Preview Assets.xcassets */,
			);
			path = "Preview Content";
			sourceTree = "<group>";
		};
		CEDF03CC284236B5002B25C6 /* Alert */ = {
			isa = PBXGroup;
			children = (
				CEDF03CD284236D3002B25C6 /* AlertControlView.swift */,
			);
			path = Alert;
			sourceTree = "<group>";
		};
/* End PBXGroup section */

/* Begin PBXNativeTarget section */
		CEC9FB48268A4445005882E7 /* Malinki */ = {
			isa = PBXNativeTarget;
			buildConfigurationList = CEC9FB58268A4447005882E7 /* Build configuration list for PBXNativeTarget "Malinki" */;
			buildPhases = (
				CEC9FB45268A4445005882E7 /* Sources */,
				CEC9FB46268A4445005882E7 /* Frameworks */,
				CEC9FB47268A4445005882E7 /* Resources */,
				CE4845CB273972AE00E3AC72 /* Embed Frameworks */,
			);
			buildRules = (
			);
			dependencies = (
			);
			name = Malinki;
			packageProductDependencies = (
				CE066EB8276CB65C0038CCFA /* SheeKit */,
				CE1B0A2227DA883C00077716 /* SWXMLHash */,
			);
			productName = Malinki;
			productReference = CEC9FB49268A4445005882E7 /* Malinki.app */;
			productType = "com.apple.product-type.application";
		};
/* End PBXNativeTarget section */

/* Begin PBXProject section */
		CEC9FB41268A4445005882E7 /* Project object */ = {
			isa = PBXProject;
			attributes = {
				LastSwiftUpdateCheck = 1250;
				LastUpgradeCheck = 1250;
				TargetAttributes = {
					CEC9FB48268A4445005882E7 = {
						CreatedOnToolsVersion = 12.5;
					};
				};
			};
			buildConfigurationList = CEC9FB44268A4445005882E7 /* Build configuration list for PBXProject "Malinki" */;
			compatibilityVersion = "Xcode 9.3";
			developmentRegion = en;
			hasScannedForEncodings = 0;
			knownRegions = (
				en,
				fr,
				de,
				pl,
				sv,
				Base,
			);
			mainGroup = CEC9FB40268A4445005882E7;
			packageReferences = (
				CE066EB7276CB65C0038CCFA /* XCRemoteSwiftPackageReference "SheeKit" */,
				CE1B0A2127DA883C00077716 /* XCRemoteSwiftPackageReference "SWXMLHash" */,
			);
			productRefGroup = CEC9FB4A268A4445005882E7 /* Products */;
			projectDirPath = "";
			projectRoot = "";
			targets = (
				CEC9FB48268A4445005882E7 /* Malinki */,
			);
		};
/* End PBXProject section */

/* Begin PBXResourcesBuildPhase section */
		CEC9FB47268A4445005882E7 /* Resources */ = {
			isa = PBXResourcesBuildPhase;
			buildActionMask = 2147483647;
			files = (
				CEC9FB54268A4447005882E7 /* Preview Assets.xcassets in Resources */,
				CE4F33C327C2C06C0052AADD /* marine.geojson in Resources */,
				CEFBB251275820B1003EE716 /* warngebiete_see_centroids.geojson in Resources */,
				CEE9ED9E28931C97006901C9 /* Localizable.strings in Resources */,
				CE1337DB288DC9CD00F90370 /* Datasources.md in Resources */,
				CEE9EA7126CC49C00025AF80 /* Configuration.json in Resources */,
				CE4F33C127C2C0640052AADD /* marine_centroids.geojson in Resources */,
				CEC9FB51268A4447005882E7 /* Assets.xcassets in Resources */,
				CEFBB252275820B1003EE716 /* 2m_temp_places.geojson in Resources */,
			);
			runOnlyForDeploymentPostprocessing = 0;
		};
/* End PBXResourcesBuildPhase section */

/* Begin PBXSourcesBuildPhase section */
		CEC9FB45268A4445005882E7 /* Sources */ = {
			isa = PBXSourcesBuildPhase;
			buildActionMask = 2147483647;
			files = (
				CE2E1340280F4EA2007950DF /* MalinkiExtensions.swift in Sources */,
				CEBAA8112821B33E00B1B284 /* MalinkiBookmarksObjects.swift in Sources */,
				CECCE5C3269CC8FA00BA8B30 /* MalinkiSearchView.swift in Sources */,
				CE2299D2268D00B4002B16EA /* MalinkiMapView.swift in Sources */,
				CEB0B3F026C1A44500D15866 /* MalinkiMapContent.swift in Sources */,
				CE2A348326977693009E4148 /* MalinkiBasemaps.swift in Sources */,
				CE2D6EEA2731E333001F5E67 /* MalinkiSheet.swift in Sources */,
				CE5B566A26C458B6008EA9BE /* MalinkiMapThemes.swift in Sources */,
				CEB0B3F226C1A50600D15866 /* MalinkiLayer.swift in Sources */,
				CE1337DD288DCA7200F90370 /* MalinkiDatasourcesView.swift in Sources */,
				CEF570E626E69D8F0038B00D /* MalinkiTileOverlay.swift in Sources */,
				CEEEC679273DA46E00A87CA3 /* MalinkiAnnotation.swift in Sources */,
				CEC9FB4F268A4445005882E7 /* ContentView.swift in Sources */,
				CE10D500272AB3590025084A /* MalinkiLayerContainer.swift in Sources */,
				CE90913E2783307500ED7EAC /* MalinkiAnnotationContainer.swift in Sources */,
				CE0736A5269649DB00490383 /* MalinkiMap.swift in Sources */,
				CEDF03CE284236D3002B25C6 /* AlertControlView.swift in Sources */,
				CE457EF72926C087006ADDF9 /* MalinkiSimpleDataConverter.swift in Sources */,
				CE0CA1472766814000AB916C /* MalinkiCoordinatesConverter.swift in Sources */,
				CE0DE03128985E6800D92F20 /* MalinkiInAppPurchasesView.swift in Sources */,
				CE123BC9274584A5007C6779 /* MalinkiVectorData.swift in Sources */,
				CEB2A15D26AF40C9002F2D52 /* MalinkiSearchBar.swift in Sources */,
				CEBAA8132821B58200B1B284 /* MalinkiBookmarksProvider.swift in Sources */,
				CE123BCD27459DC2007C6779 /* MalinkiVectorGeometry.swift in Sources */,
				CE4BD8F82817212500C72807 /* MalinkiSearchResultView.swift in Sources */,
				CE2E9E4D27FF641500774CCD /* MalinkiToolButton.swift in Sources */,
				CE47C2E02721EF9D00034C38 /* MalinkiMapContentButton.swift in Sources */,
				CE085B2F26D41878005D7453 /* MalinkiWMSOverlay.swift in Sources */,
				CE2C92DC2864F6FB008B7FA1 /* MalinkiUserAnnotationsObjects.swift in Sources */,
				CE2DF8732889DE3E004691B0 /* MalinkiDatasourcesProvider.swift in Sources */,
				CEC9FB4D268A4445005882E7 /* MalinkiApp.swift in Sources */,
				CE085B3226D41E17005D7453 /* MalinkiRasterData.swift in Sources */,
				CE1B1C93282C576C001D33BB /* MalinkiBookmarksView.swift in Sources */,
				CE711125276A781300D0F5EB /* MalinkiSheetHeader.swift in Sources */,
				CE0CD8C2274ECF51007EF580 /* MalinkiTheme.swift in Sources */,
				CEA604452900989E007F5514 /* MalinkiImageLoader.swift in Sources */,
				CE0B999A2772651F005CBE77 /* MalinkiFeatureDataContainer.swift in Sources */,
				CECCE5C5269CC90C00BA8B30 /* MalinkiObjectDetailsView.swift in Sources */,
				CE2C92D92864F677008B7FA1 /* MalinkiUserAnnotationsView.swift in Sources */,
				CEF7E010276935A40099A0D5 /* MalinkiFeatureData.swift in Sources */,
				CE44B0AF26C9867700298DC3 /* MalinkiConfigurationObjects.swift in Sources */,
				CE2C92DE2864F70F008B7FA1 /* MalinkiUserAnnotationsProvider.swift in Sources */,
				CE8695D626FBAA8100A0A916 /* MalinkiWMTSOverlay.swift in Sources */,
				CE44B0AD26C985FC00298DC3 /* MalinkiConfigurationProvider.swift in Sources */,
				CE2F293928FF451000556DDD /* MalinkiLegendView.swift in Sources */,
				CE09C10E26BC5ECE0077177F /* MalinkiBasemapButton.swift in Sources */,
				CE21F7CB283FF75400E085E5 /* MalinkiMapRegion.swift in Sources */,
				CE4009C02742FA6E00C0ED75 /* MalinkiAnnotationView.swift in Sources */,
				CE519CD228A1A54700DEEB4D /* MalinkiStoreManager.swift in Sources */,
			);
			runOnlyForDeploymentPostprocessing = 0;
		};
/* End PBXSourcesBuildPhase section */

/* Begin PBXVariantGroup section */
		CEE9ED9C28931C97006901C9 /* Localizable.strings */ = {
			isa = PBXVariantGroup;
			children = (
				CEE9ED9D28931C97006901C9 /* de */,
				CEE9ED9F28931E0F006901C9 /* fr */,
				CEE9EDA028931E26006901C9 /* pl */,
				CEE9EDA128931E3E006901C9 /* sv */,
				CE3073CA28AECBDD00DE93E3 /* en */,
			);
			name = Localizable.strings;
			sourceTree = "<group>";
		};
/* End PBXVariantGroup section */

/* Begin XCBuildConfiguration section */
		CEC9FB56268A4447005882E7 /* Debug */ = {
			isa = XCBuildConfiguration;
			buildSettings = {
				ALWAYS_SEARCH_USER_PATHS = NO;
				CLANG_ANALYZER_NONNULL = YES;
				CLANG_ANALYZER_NUMBER_OBJECT_CONVERSION = YES_AGGRESSIVE;
				CLANG_CXX_LANGUAGE_STANDARD = "gnu++14";
				CLANG_CXX_LIBRARY = "libc++";
				CLANG_ENABLE_MODULES = YES;
				CLANG_ENABLE_OBJC_ARC = YES;
				CLANG_ENABLE_OBJC_WEAK = YES;
				CLANG_WARN_BLOCK_CAPTURE_AUTORELEASING = YES;
				CLANG_WARN_BOOL_CONVERSION = YES;
				CLANG_WARN_COMMA = YES;
				CLANG_WARN_CONSTANT_CONVERSION = YES;
				CLANG_WARN_DEPRECATED_OBJC_IMPLEMENTATIONS = YES;
				CLANG_WARN_DIRECT_OBJC_ISA_USAGE = YES_ERROR;
				CLANG_WARN_DOCUMENTATION_COMMENTS = YES;
				CLANG_WARN_EMPTY_BODY = YES;
				CLANG_WARN_ENUM_CONVERSION = YES;
				CLANG_WARN_INFINITE_RECURSION = YES;
				CLANG_WARN_INT_CONVERSION = YES;
				CLANG_WARN_NON_LITERAL_NULL_CONVERSION = YES;
				CLANG_WARN_OBJC_IMPLICIT_RETAIN_SELF = YES;
				CLANG_WARN_OBJC_LITERAL_CONVERSION = YES;
				CLANG_WARN_OBJC_ROOT_CLASS = YES_ERROR;
				CLANG_WARN_QUOTED_INCLUDE_IN_FRAMEWORK_HEADER = YES;
				CLANG_WARN_RANGE_LOOP_ANALYSIS = YES;
				CLANG_WARN_STRICT_PROTOTYPES = YES;
				CLANG_WARN_SUSPICIOUS_MOVE = YES;
				CLANG_WARN_UNGUARDED_AVAILABILITY = YES_AGGRESSIVE;
				CLANG_WARN_UNREACHABLE_CODE = YES;
				CLANG_WARN__DUPLICATE_METHOD_MATCH = YES;
				COPY_PHASE_STRIP = NO;
				DEBUG_INFORMATION_FORMAT = dwarf;
				ENABLE_STRICT_OBJC_MSGSEND = YES;
				ENABLE_TESTABILITY = YES;
				GCC_C_LANGUAGE_STANDARD = gnu11;
				GCC_DYNAMIC_NO_PIC = NO;
				GCC_NO_COMMON_BLOCKS = YES;
				GCC_OPTIMIZATION_LEVEL = 0;
				GCC_PREPROCESSOR_DEFINITIONS = (
					"DEBUG=1",
					"$(inherited)",
				);
				GCC_WARN_64_TO_32_BIT_CONVERSION = YES;
				GCC_WARN_ABOUT_RETURN_TYPE = YES_ERROR;
				GCC_WARN_UNDECLARED_SELECTOR = YES;
				GCC_WARN_UNINITIALIZED_AUTOS = YES_AGGRESSIVE;
				GCC_WARN_UNUSED_FUNCTION = YES;
				GCC_WARN_UNUSED_VARIABLE = YES;
				IPHONEOS_DEPLOYMENT_TARGET = 15.4;
				MTL_ENABLE_DEBUG_INFO = INCLUDE_SOURCE;
				MTL_FAST_MATH = YES;
				ONLY_ACTIVE_ARCH = YES;
				SDKROOT = iphoneos;
				SWIFT_ACTIVE_COMPILATION_CONDITIONS = DEBUG;
				SWIFT_EMIT_LOC_STRINGS = YES;
				SWIFT_OPTIMIZATION_LEVEL = "-Onone";
			};
			name = Debug;
		};
		CEC9FB57268A4447005882E7 /* Release */ = {
			isa = XCBuildConfiguration;
			buildSettings = {
				ALWAYS_SEARCH_USER_PATHS = NO;
				CLANG_ANALYZER_NONNULL = YES;
				CLANG_ANALYZER_NUMBER_OBJECT_CONVERSION = YES_AGGRESSIVE;
				CLANG_CXX_LANGUAGE_STANDARD = "gnu++14";
				CLANG_CXX_LIBRARY = "libc++";
				CLANG_ENABLE_MODULES = YES;
				CLANG_ENABLE_OBJC_ARC = YES;
				CLANG_ENABLE_OBJC_WEAK = YES;
				CLANG_WARN_BLOCK_CAPTURE_AUTORELEASING = YES;
				CLANG_WARN_BOOL_CONVERSION = YES;
				CLANG_WARN_COMMA = YES;
				CLANG_WARN_CONSTANT_CONVERSION = YES;
				CLANG_WARN_DEPRECATED_OBJC_IMPLEMENTATIONS = YES;
				CLANG_WARN_DIRECT_OBJC_ISA_USAGE = YES_ERROR;
				CLANG_WARN_DOCUMENTATION_COMMENTS = YES;
				CLANG_WARN_EMPTY_BODY = YES;
				CLANG_WARN_ENUM_CONVERSION = YES;
				CLANG_WARN_INFINITE_RECURSION = YES;
				CLANG_WARN_INT_CONVERSION = YES;
				CLANG_WARN_NON_LITERAL_NULL_CONVERSION = YES;
				CLANG_WARN_OBJC_IMPLICIT_RETAIN_SELF = YES;
				CLANG_WARN_OBJC_LITERAL_CONVERSION = YES;
				CLANG_WARN_OBJC_ROOT_CLASS = YES_ERROR;
				CLANG_WARN_QUOTED_INCLUDE_IN_FRAMEWORK_HEADER = YES;
				CLANG_WARN_RANGE_LOOP_ANALYSIS = YES;
				CLANG_WARN_STRICT_PROTOTYPES = YES;
				CLANG_WARN_SUSPICIOUS_MOVE = YES;
				CLANG_WARN_UNGUARDED_AVAILABILITY = YES_AGGRESSIVE;
				CLANG_WARN_UNREACHABLE_CODE = YES;
				CLANG_WARN__DUPLICATE_METHOD_MATCH = YES;
				COPY_PHASE_STRIP = NO;
				DEBUG_INFORMATION_FORMAT = "dwarf-with-dsym";
				ENABLE_NS_ASSERTIONS = NO;
				ENABLE_STRICT_OBJC_MSGSEND = YES;
				GCC_C_LANGUAGE_STANDARD = gnu11;
				GCC_NO_COMMON_BLOCKS = YES;
				GCC_WARN_64_TO_32_BIT_CONVERSION = YES;
				GCC_WARN_ABOUT_RETURN_TYPE = YES_ERROR;
				GCC_WARN_UNDECLARED_SELECTOR = YES;
				GCC_WARN_UNINITIALIZED_AUTOS = YES_AGGRESSIVE;
				GCC_WARN_UNUSED_FUNCTION = YES;
				GCC_WARN_UNUSED_VARIABLE = YES;
				IPHONEOS_DEPLOYMENT_TARGET = 15.4;
				MTL_ENABLE_DEBUG_INFO = NO;
				MTL_FAST_MATH = YES;
				SDKROOT = iphoneos;
				SWIFT_COMPILATION_MODE = wholemodule;
				SWIFT_EMIT_LOC_STRINGS = YES;
				SWIFT_OPTIMIZATION_LEVEL = "-O";
				VALIDATE_PRODUCT = YES;
			};
			name = Release;
		};
		CEC9FB59268A4447005882E7 /* Debug */ = {
			isa = XCBuildConfiguration;
			buildSettings = {
				ASSETCATALOG_COMPILER_APPICON_NAME = AppIcon;
				ASSETCATALOG_COMPILER_GLOBAL_ACCENT_COLOR_NAME = AccentColor;
				CODE_SIGN_STYLE = Automatic;
				DEVELOPMENT_ASSET_PATHS = "\"Malinki/Preview Content\"";
				DEVELOPMENT_TEAM = PM6R3BPDX5;
				ENABLE_PREVIEWS = YES;
				INFOPLIST_FILE = Malinki/Info.plist;
				IPHONEOS_DEPLOYMENT_TARGET = 15.0;
				LD_RUNPATH_SEARCH_PATHS = (
					"$(inherited)",
					"@executable_path/Frameworks",
				);
				PRODUCT_BUNDLE_IDENTIFIER = jagodki.Malinki;
				PRODUCT_NAME = "$(TARGET_NAME)";
				SWIFT_VERSION = 5.0;
				TARGETED_DEVICE_FAMILY = 1;
			};
			name = Debug;
		};
		CEC9FB5A268A4447005882E7 /* Release */ = {
			isa = XCBuildConfiguration;
			buildSettings = {
				ASSETCATALOG_COMPILER_APPICON_NAME = AppIcon;
				ASSETCATALOG_COMPILER_GLOBAL_ACCENT_COLOR_NAME = AccentColor;
				CODE_SIGN_STYLE = Automatic;
				DEVELOPMENT_ASSET_PATHS = "\"Malinki/Preview Content\"";
				DEVELOPMENT_TEAM = PM6R3BPDX5;
				ENABLE_PREVIEWS = YES;
				INFOPLIST_FILE = Malinki/Info.plist;
				IPHONEOS_DEPLOYMENT_TARGET = 15.0;
				LD_RUNPATH_SEARCH_PATHS = (
					"$(inherited)",
					"@executable_path/Frameworks",
				);
				PRODUCT_BUNDLE_IDENTIFIER = jagodki.Malinki;
				PRODUCT_NAME = "$(TARGET_NAME)";
				SWIFT_VERSION = 5.0;
				TARGETED_DEVICE_FAMILY = 1;
			};
			name = Release;
		};
/* End XCBuildConfiguration section */

/* Begin XCConfigurationList section */
		CEC9FB44268A4445005882E7 /* Build configuration list for PBXProject "Malinki" */ = {
			isa = XCConfigurationList;
			buildConfigurations = (
				CEC9FB56268A4447005882E7 /* Debug */,
				CEC9FB57268A4447005882E7 /* Release */,
			);
			defaultConfigurationIsVisible = 0;
			defaultConfigurationName = Release;
		};
		CEC9FB58268A4447005882E7 /* Build configuration list for PBXNativeTarget "Malinki" */ = {
			isa = XCConfigurationList;
			buildConfigurations = (
				CEC9FB59268A4447005882E7 /* Debug */,
				CEC9FB5A268A4447005882E7 /* Release */,
			);
			defaultConfigurationIsVisible = 0;
			defaultConfigurationName = Release;
		};
/* End XCConfigurationList section */

/* Begin XCRemoteSwiftPackageReference section */
		CE066EB7276CB65C0038CCFA /* XCRemoteSwiftPackageReference "SheeKit" */ = {
			isa = XCRemoteSwiftPackageReference;
			repositoryURL = "https://github.com/edudnyk/SheeKit.git";
			requirement = {
				kind = upToNextMajorVersion;
				minimumVersion = 2.0.1;
			};
		};
		CE1B0A2127DA883C00077716 /* XCRemoteSwiftPackageReference "SWXMLHash" */ = {
			isa = XCRemoteSwiftPackageReference;
			repositoryURL = "https://github.com/drmohundro/SWXMLHash";
			requirement = {
				kind = upToNextMajorVersion;
				minimumVersion = 7.0.1;
			};
		};
/* End XCRemoteSwiftPackageReference section */

/* Begin XCSwiftPackageProductDependency section */
		CE066EB8276CB65C0038CCFA /* SheeKit */ = {
			isa = XCSwiftPackageProductDependency;
			package = CE066EB7276CB65C0038CCFA /* XCRemoteSwiftPackageReference "SheeKit" */;
			productName = SheeKit;
		};
		CE1B0A2227DA883C00077716 /* SWXMLHash */ = {
			isa = XCSwiftPackageProductDependency;
			package = CE1B0A2127DA883C00077716 /* XCRemoteSwiftPackageReference "SWXMLHash" */;
			productName = SWXMLHash;
		};
/* End XCSwiftPackageProductDependency section */
	};
	rootObject = CEC9FB41268A4445005882E7 /* Project object */;
}
