{
  "object": {
    "pins": [
      {
        "package": "BottomSheet",
        "repositoryURL": "https://github.com/LucasMucGH/BottomSheet",
        "state": {
          "branch": null,
          "revision": "5192b9f4b8ba254abd121489f320071705da97a0",
          "version": "2.2.0"
        }
      },
      {
        "package": "SwiftUIX",
        "repositoryURL": "https://github.com/SwiftUIX/SwiftUIX",
        "state": {
          "branch": null,
          "revision": "5837e88eca8e05fa70c82c6aaecfc59bf7e81bfd",
          "version": "0.0.7"
        }
      }
    ]
  },
  "version": 1
}
