{
  "pins" : [
    {
      "identity" : "sheekit",
      "kind" : "remoteSourceControl",
      "location" : "https://github.com/edudnyk/SheeKit.git",
      "state" : {
        "revision" : "4bdc3b7ff784b893ec8f802e4154cd0d0bdf1b46",
        "version" : "2.0.1"
      }
    },
    {
      "identity" : "swxmlhash",
      "kind" : "remoteSourceControl",
      "location" : "https://github.com/drmohundro/SWXMLHash",
      "state" : {
        "revision" : "4d0f62f561458cbe1f732171e625f03195151b60",
        "version" : "7.0.1"
      }
    }
  ],
  "version" : 2
}
