{
  "object": {
    "pins": [
      {
        "package": "SheeKit",
        "repositoryURL": "https://github.com/edudnyk/SheeKit.git",
        "state": {
          "branch": null,
          "revision": "4e52819a6304908f31ad3e4d28ec789f98a4c705",
          "version": "0.0.3"
        }
      }
    ]
  },
  "version": 1
}
